
Microsoft Visual Studio Solution File, Format Version 12.00
# Visual Studio Version 16
VisualStudioVersion = 16.0.29613.14
MinimumVisualStudioVersion = 10.0.40219.1
Project("{FAE04EC0-301F-11D3-BF4B-00C04F79EFBC}") = "EmartProject", "EmartProject.csproj", "{273715F7-9969-4E94-9B40-3DED28FA4ACF}"
EndProject
Global
	GlobalSection(SolutionConfigurationPlatforms) = preSolution
		Debug|Any CPU = Debug|Any CPU
		Release|Any CPU = Release|Any CPU
	EndGlobalSection
	GlobalSection(ProjectConfigurationPlatforms) = postSolution
		{273715F7-9969-4E94-9B40-3DED28FA4ACF}.Debug|Any CPU.ActiveCfg = Debug|Any CPU
		{273715F7-9969-4E94-9B40-3DED28FA4ACF}.Debug|Any CPU.Build.0 = Debug|Any CPU
		{273715F7-9969-4E94-9B40-3DED28FA4ACF}.Release|Any CPU.ActiveCfg = Release|Any CPU
		{273715F7-9969-4E94-9B40-3DED28FA4ACF}.Release|Any CPU.Build.0 = Release|Any CPU
	EndGlobalSection
	GlobalSection(SolutionProperties) = preSolution
		HideSolutionNode = FALSE
	EndGlobalSection
	GlobalSection(ExtensibilityGlobals) = postSolution
		SolutionGuid = {EEE3B982-5743-4A67-8BF9-AC9FDCBC2202}
	EndGlobalSection
EndGlobal
